// !$*UTF8*$!
{
	archiveVersion = 1;
	classes = {
	};
	objectVersion = 46;
	objects = {

/* Begin PBXBuildFile section */
		C32530EE391F820A119A89DA /* Pods_SocialSharing.framework in Frameworks */ = {isa = PBXBuildFile; fileRef = 2B03195B023524BFBB9BEF91 /* Pods_SocialSharing.framework */; };
		D613742A1D06B7F50012CA74 /* SocialFeatures-Extension(Facebook).swift in Sources */ = {isa = PBXBuildFile; fileRef = D61374261D06B7F50012CA74 /* SocialFeatures-Extension(Facebook).swift */; };
		D613742B1D06B7F50012CA74 /* SocialFeatures-Extension(Twitter).swift in Sources */ = {isa = PBXBuildFile; fileRef = D61374271D06B7F50012CA74 /* SocialFeatures-Extension(Twitter).swift */; };
		D613742C1D06B7F50012CA74 /* SocialFeatures.swift in Sources */ = {isa = PBXBuildFile; fileRef = D61374281D06B7F50012CA74 /* SocialFeatures.swift */; };
		D613742D1D06B7F50012CA74 /* SocialListViewController.swift in Sources */ = {isa = PBXBuildFile; fileRef = D61374291D06B7F50012CA74 /* SocialListViewController.swift */; };
		D61374321D06B8540012CA74 /* TSGFacebookManager.swift in Sources */ = {isa = PBXBuildFile; fileRef = D613742F1D06B8540012CA74 /* TSGFacebookManager.swift */; };
		D61374331D06B8540012CA74 /* TSGTwitterManager.swift in Sources */ = {isa = PBXBuildFile; fileRef = D61374311D06B8540012CA74 /* TSGTwitterManager.swift */; };
		D614D2111D0AEBEC001FFD77 /* TSGLinkedinManager.swift in Sources */ = {isa = PBXBuildFile; fileRef = D614D2101D0AEBEC001FFD77 /* TSGLinkedinManager.swift */; };
		D61577211D0038FB0047207C /* PersistentDataManager.swift in Sources */ = {isa = PBXBuildFile; fileRef = D61577201D0038FB0047207C /* PersistentDataManager.swift */; };
		D61577291D0059EC0047207C /* Enum.swift in Sources */ = {isa = PBXBuildFile; fileRef = D61577281D0059EC0047207C /* Enum.swift */; };
		D6157A731D0E885200565342 /* Twitter.framework in Frameworks */ = {isa = PBXBuildFile; fileRef = D6157A721D0E885200565342 /* Twitter.framework */; };
		D616537E1D0AD5F0003C1BAB /* SocialFeatures-Extension(Linkedin).swift in Sources */ = {isa = PBXBuildFile; fileRef = D616537D1D0AD5F0003C1BAB /* SocialFeatures-Extension(Linkedin).swift */; };
		D6195EFC1D09E93000293139 /* SocialFeatures-Extension(Instagram).swift in Sources */ = {isa = PBXBuildFile; fileRef = D6195EFB1D09E93000293139 /* SocialFeatures-Extension(Instagram).swift */; };
		D628482C1D1913D600E31A7B /* linkedin-sdk.framework in Frameworks */ = {isa = PBXBuildFile; fileRef = D628482A1D1913D600E31A7B /* linkedin-sdk.framework */; };
		D628482D1D1913D600E31A7B /* TSGServiceClient.framework in Frameworks */ = {isa = PBXBuildFile; fileRef = D628482B1D1913D600E31A7B /* TSGServiceClient.framework */; };
		D628482F1D19154900E31A7B /* TSGServiceClient.framework in Embed Frameworks */ = {isa = PBXBuildFile; fileRef = D628482B1D1913D600E31A7B /* TSGServiceClient.framework */; settings = {ATTRIBUTES = (CodeSignOnCopy, RemoveHeadersOnCopy, ); }; };
		D62848311D192C9800E31A7B /* TSGInstagramManager.swift in Sources */ = {isa = PBXBuildFile; fileRef = D62848301D192C9800E31A7B /* TSGInstagramManager.swift */; };
		D654AF9A1CFEEC7C0012E938 /* AppDelegate.swift in Sources */ = {isa = PBXBuildFile; fileRef = D654AF991CFEEC7C0012E938 /* AppDelegate.swift */; };
		D654AF9F1CFEEC7C0012E938 /* Main.storyboard in Resources */ = {isa = PBXBuildFile; fileRef = D654AF9D1CFEEC7C0012E938 /* Main.storyboard */; };
		D654AFA11CFEEC7C0012E938 /* Assets.xcassets in Resources */ = {isa = PBXBuildFile; fileRef = D654AFA01CFEEC7C0012E938 /* Assets.xcassets */; };
		D654AFA41CFEEC7C0012E938 /* LaunchScreen.storyboard in Resources */ = {isa = PBXBuildFile; fileRef = D654AFA21CFEEC7C0012E938 /* LaunchScreen.storyboard */; };
		D66CAB591D043D230010139B /* TwitterPostsViewController.swift in Sources */ = {isa = PBXBuildFile; fileRef = D66CAB581D043D230010139B /* TwitterPostsViewController.swift */; };
		D66F68161D0CAB13005CF8EB /* GoogleService-Info.plist in Resources */ = {isa = PBXBuildFile; fileRef = D66F68151D0CAB13005CF8EB /* GoogleService-Info.plist */; };
		D67184B61D0D36A90043C85B /* SocialFeatures-Extension(Google).swift in Sources */ = {isa = PBXBuildFile; fileRef = D67184B51D0D36A90043C85B /* SocialFeatures-Extension(Google).swift */; };
		D67184B91D0D48030043C85B /* GoogleViewController.swift in Sources */ = {isa = PBXBuildFile; fileRef = D67184B81D0D48030043C85B /* GoogleViewController.swift */; };
		D6873E121D093D3900D7CAAA /* InstagramLogin.swift in Sources */ = {isa = PBXBuildFile; fileRef = D6873E111D093D3900D7CAAA /* InstagramLogin.swift */; };
/* End PBXBuildFile section */

/* Begin PBXCopyFilesBuildPhase section */
		D61DED571D0807EC0004B0BB /* Embed Frameworks */ = {
			isa = PBXCopyFilesBuildPhase;
			buildActionMask = 2147483647;
			dstPath = "";
			dstSubfolderSpec = 10;
			files = (
				D628482F1D19154900E31A7B /* TSGServiceClient.framework in Embed Frameworks */,
			);
			name = "Embed Frameworks";
			runOnlyForDeploymentPostprocessing = 0;
		};
/* End PBXCopyFilesBuildPhase section */

/* Begin PBXFileReference section */
		2B03195B023524BFBB9BEF91 /* Pods_SocialSharing.framework */ = {isa = PBXFileReference; explicitFileType = wrapper.framework; includeInIndex = 0; path = Pods_SocialSharing.framework; sourceTree = BUILT_PRODUCTS_DIR; };
		67AC751A94F90888E197AE95 /* Pods-SocialSharingTests.release.xcconfig */ = {isa = PBXFileReference; includeInIndex = 1; lastKnownFileType = text.xcconfig; name = "Pods-SocialSharingTests.release.xcconfig"; path = "Pods/Target Support Files/Pods-SocialSharingTests/Pods-SocialSharingTests.release.xcconfig"; sourceTree = "<group>"; };
		82E728541F7E68C511105E3C /* Pods-SocialSharing.debug.xcconfig */ = {isa = PBXFileReference; includeInIndex = 1; lastKnownFileType = text.xcconfig; name = "Pods-SocialSharing.debug.xcconfig"; path = "Pods/Target Support Files/Pods-SocialSharing/Pods-SocialSharing.debug.xcconfig"; sourceTree = "<group>"; };
		A6D49FE21F94E9DAFDB96305 /* Pods-SocialSharing.release.xcconfig */ = {isa = PBXFileReference; includeInIndex = 1; lastKnownFileType = text.xcconfig; name = "Pods-SocialSharing.release.xcconfig"; path = "Pods/Target Support Files/Pods-SocialSharing/Pods-SocialSharing.release.xcconfig"; sourceTree = "<group>"; };
		D24671FE2A2DA658D4131180 /* Pods-SocialSharingTests.debug.xcconfig */ = {isa = PBXFileReference; includeInIndex = 1; lastKnownFileType = text.xcconfig; name = "Pods-SocialSharingTests.debug.xcconfig"; path = "Pods/Target Support Files/Pods-SocialSharingTests/Pods-SocialSharingTests.debug.xcconfig"; sourceTree = "<group>"; };
		D61374261D06B7F50012CA74 /* SocialFeatures-Extension(Facebook).swift */ = {isa = PBXFileReference; fileEncoding = 4; lastKnownFileType = sourcecode.swift; path = "SocialFeatures-Extension(Facebook).swift"; sourceTree = "<group>"; };
		D61374271D06B7F50012CA74 /* SocialFeatures-Extension(Twitter).swift */ = {isa = PBXFileReference; fileEncoding = 4; lastKnownFileType = sourcecode.swift; path = "SocialFeatures-Extension(Twitter).swift"; sourceTree = "<group>"; };
		D61374281D06B7F50012CA74 /* SocialFeatures.swift */ = {isa = PBXFileReference; fileEncoding = 4; lastKnownFileType = sourcecode.swift; path = SocialFeatures.swift; sourceTree = "<group>"; };
		D61374291D06B7F50012CA74 /* SocialListViewController.swift */ = {isa = PBXFileReference; fileEncoding = 4; lastKnownFileType = sourcecode.swift; path = SocialListViewController.swift; sourceTree = "<group>"; };
		D613742F1D06B8540012CA74 /* TSGFacebookManager.swift */ = {isa = PBXFileReference; fileEncoding = 4; lastKnownFileType = sourcecode.swift; path = TSGFacebookManager.swift; sourceTree = "<group>"; };
		D61374311D06B8540012CA74 /* TSGTwitterManager.swift */ = {isa = PBXFileReference; fileEncoding = 4; lastKnownFileType = sourcecode.swift; path = TSGTwitterManager.swift; sourceTree = "<group>"; };
		D614D2101D0AEBEC001FFD77 /* TSGLinkedinManager.swift */ = {isa = PBXFileReference; fileEncoding = 4; lastKnownFileType = sourcecode.swift; path = TSGLinkedinManager.swift; sourceTree = "<group>"; };
		D61577201D0038FB0047207C /* PersistentDataManager.swift */ = {isa = PBXFileReference; fileEncoding = 4; lastKnownFileType = sourcecode.swift; path = PersistentDataManager.swift; sourceTree = "<group>"; };
		D61577281D0059EC0047207C /* Enum.swift */ = {isa = PBXFileReference; fileEncoding = 4; lastKnownFileType = sourcecode.swift; path = Enum.swift; sourceTree = "<group>"; };
		D6157A721D0E885200565342 /* Twitter.framework */ = {isa = PBXFileReference; lastKnownFileType = wrapper.framework; name = Twitter.framework; path = System/Library/Frameworks/Twitter.framework; sourceTree = SDKROOT; };
		D616537D1D0AD5F0003C1BAB /* SocialFeatures-Extension(Linkedin).swift */ = {isa = PBXFileReference; fileEncoding = 4; lastKnownFileType = sourcecode.swift; path = "SocialFeatures-Extension(Linkedin).swift"; sourceTree = "<group>"; };
		D6195EFB1D09E93000293139 /* SocialFeatures-Extension(Instagram).swift */ = {isa = PBXFileReference; fileEncoding = 4; lastKnownFileType = sourcecode.swift; path = "SocialFeatures-Extension(Instagram).swift"; sourceTree = "<group>"; };
		D61B2C891D0B4F5500464124 /* SocialSharing-Bridging-Header.h */ = {isa = PBXFileReference; lastKnownFileType = sourcecode.c.h; path = "SocialSharing-Bridging-Header.h"; sourceTree = "<group>"; };
		D628482A1D1913D600E31A7B /* linkedin-sdk.framework */ = {isa = PBXFileReference; lastKnownFileType = wrapper.framework; path = "linkedin-sdk.framework"; sourceTree = "<group>"; };
		D628482B1D1913D600E31A7B /* TSGServiceClient.framework */ = {isa = PBXFileReference; lastKnownFileType = wrapper.framework; path = TSGServiceClient.framework; sourceTree = "<group>"; };
		D62848301D192C9800E31A7B /* TSGInstagramManager.swift */ = {isa = PBXFileReference; fileEncoding = 4; lastKnownFileType = sourcecode.swift; path = TSGInstagramManager.swift; sourceTree = "<group>"; };
		D654AF961CFEEC7C0012E938 /* SocialSharing.app */ = {isa = PBXFileReference; explicitFileType = wrapper.application; includeInIndex = 0; path = SocialSharing.app; sourceTree = BUILT_PRODUCTS_DIR; };
		D654AF991CFEEC7C0012E938 /* AppDelegate.swift */ = {isa = PBXFileReference; lastKnownFileType = sourcecode.swift; path = AppDelegate.swift; sourceTree = "<group>"; };
		D654AF9E1CFEEC7C0012E938 /* Base */ = {isa = PBXFileReference; lastKnownFileType = file.storyboard; name = Base; path = Base.lproj/Main.storyboard; sourceTree = "<group>"; };
		D654AFA01CFEEC7C0012E938 /* Assets.xcassets */ = {isa = PBXFileReference; lastKnownFileType = folder.assetcatalog; path = Assets.xcassets; sourceTree = "<group>"; };
		D654AFA31CFEEC7C0012E938 /* Base */ = {isa = PBXFileReference; lastKnownFileType = file.storyboard; name = Base; path = Base.lproj/LaunchScreen.storyboard; sourceTree = "<group>"; };
		D654AFA51CFEEC7C0012E938 /* Info.plist */ = {isa = PBXFileReference; lastKnownFileType = text.plist.xml; path = Info.plist; sourceTree = "<group>"; };
		D66CAB581D043D230010139B /* TwitterPostsViewController.swift */ = {isa = PBXFileReference; fileEncoding = 4; lastKnownFileType = sourcecode.swift; path = TwitterPostsViewController.swift; sourceTree = "<group>"; };
		D66F68151D0CAB13005CF8EB /* GoogleService-Info.plist */ = {isa = PBXFileReference; fileEncoding = 4; lastKnownFileType = text.plist.xml; path = "GoogleService-Info.plist"; sourceTree = "<group>"; };
		D67184B51D0D36A90043C85B /* SocialFeatures-Extension(Google).swift */ = {isa = PBXFileReference; fileEncoding = 4; lastKnownFileType = sourcecode.swift; path = "SocialFeatures-Extension(Google).swift"; sourceTree = "<group>"; };
		D67184B81D0D48030043C85B /* GoogleViewController.swift */ = {isa = PBXFileReference; fileEncoding = 4; lastKnownFileType = sourcecode.swift; path = GoogleViewController.swift; sourceTree = "<group>"; };
		D6873E111D093D3900D7CAAA /* InstagramLogin.swift */ = {isa = PBXFileReference; fileEncoding = 4; lastKnownFileType = sourcecode.swift; path = InstagramLogin.swift; sourceTree = "<group>"; };
		FE751D741E445D0EF07CFE6A /* Pods_SocialSharingTests.framework */ = {isa = PBXFileReference; explicitFileType = wrapper.framework; includeInIndex = 0; path = Pods_SocialSharingTests.framework; sourceTree = BUILT_PRODUCTS_DIR; };
/* End PBXFileReference section */

/* Begin PBXFrameworksBuildPhase section */
		D654AF931CFEEC7C0012E938 /* Frameworks */ = {
			isa = PBXFrameworksBuildPhase;
			buildActionMask = 2147483647;
			files = (
				D6157A731D0E885200565342 /* Twitter.framework in Frameworks */,
				D628482C1D1913D600E31A7B /* linkedin-sdk.framework in Frameworks */,
				D628482D1D1913D600E31A7B /* TSGServiceClient.framework in Frameworks */,
				C32530EE391F820A119A89DA /* Pods_SocialSharing.framework in Frameworks */,
			);
			runOnlyForDeploymentPostprocessing = 0;
		};
/* End PBXFrameworksBuildPhase section */

/* Begin PBXGroup section */
		48056EB5268ED047FBAE706D /* Frameworks */ = {
			isa = PBXGroup;
			children = (
				D6157A721D0E885200565342 /* Twitter.framework */,
				2B03195B023524BFBB9BEF91 /* Pods_SocialSharing.framework */,
				FE751D741E445D0EF07CFE6A /* Pods_SocialSharingTests.framework */,
			);
			name = Frameworks;
			sourceTree = "<group>";
		};
		6F4739F9BF9AEBF54F8E16AC /* Pods */ = {
			isa = PBXGroup;
			children = (
				82E728541F7E68C511105E3C /* Pods-SocialSharing.debug.xcconfig */,
				A6D49FE21F94E9DAFDB96305 /* Pods-SocialSharing.release.xcconfig */,
				D24671FE2A2DA658D4131180 /* Pods-SocialSharingTests.debug.xcconfig */,
				67AC751A94F90888E197AE95 /* Pods-SocialSharingTests.release.xcconfig */,
			);
			name = Pods;
			sourceTree = "<group>";
		};
		D60EF25A1D0165AF00F878C1 /* Example */ = {
			isa = PBXGroup;
			children = (
				D61374261D06B7F50012CA74 /* SocialFeatures-Extension(Facebook).swift */,
				D61374271D06B7F50012CA74 /* SocialFeatures-Extension(Twitter).swift */,
				D6195EFB1D09E93000293139 /* SocialFeatures-Extension(Instagram).swift */,
				D616537D1D0AD5F0003C1BAB /* SocialFeatures-Extension(Linkedin).swift */,
				D67184B51D0D36A90043C85B /* SocialFeatures-Extension(Google).swift */,
				D61374281D06B7F50012CA74 /* SocialFeatures.swift */,
				D61374291D06B7F50012CA74 /* SocialListViewController.swift */,
				D66CAB581D043D230010139B /* TwitterPostsViewController.swift */,
			);
			path = Example;
			sourceTree = "<group>";
		};
		D613742E1D06B8540012CA74 /* FacebookManager */ = {
			isa = PBXGroup;
			children = (
				D613742F1D06B8540012CA74 /* TSGFacebookManager.swift */,
			);
			path = FacebookManager;
			sourceTree = "<group>";
		};
		D61374301D06B8540012CA74 /* TwitterManager */ = {
			isa = PBXGroup;
			children = (
				D61374311D06B8540012CA74 /* TSGTwitterManager.swift */,
			);
			path = TwitterManager;
			sourceTree = "<group>";
		};
		D614D20F1D0AEBC7001FFD77 /* LinkedinManager */ = {
			isa = PBXGroup;
			children = (
				D614D2101D0AEBEC001FFD77 /* TSGLinkedinManager.swift */,
			);
			path = LinkedinManager;
			sourceTree = "<group>";
		};
		D62848291D1913D600E31A7B /* External */ = {
			isa = PBXGroup;
			children = (
				D628482A1D1913D600E31A7B /* linkedin-sdk.framework */,
				D628482B1D1913D600E31A7B /* TSGServiceClient.framework */,
			);
			path = External;
			sourceTree = "<group>";
		};
		D654AF8D1CFEEC7C0012E938 = {
			isa = PBXGroup;
			children = (
				D66F68151D0CAB13005CF8EB /* GoogleService-Info.plist */,
				D62848291D1913D600E31A7B /* External */,
				D654AF981CFEEC7C0012E938 /* SocialSharing */,
				D60EF25A1D0165AF00F878C1 /* Example */,
				D654AF971CFEEC7C0012E938 /* Products */,
				48056EB5268ED047FBAE706D /* Frameworks */,
				6F4739F9BF9AEBF54F8E16AC /* Pods */,
			);
			sourceTree = "<group>";
		};
		D654AF971CFEEC7C0012E938 /* Products */ = {
			isa = PBXGroup;
			children = (
				D654AF961CFEEC7C0012E938 /* SocialSharing.app */,
			);
			name = Products;
			sourceTree = "<group>";
		};
		D654AF981CFEEC7C0012E938 /* SocialSharing */ = {
			isa = PBXGroup;
			children = (
				D67184B71D0D47E00043C85B /* GoogleManager */,
				D614D20F1D0AEBC7001FFD77 /* LinkedinManager */,
				D6873E101D093CB300D7CAAA /* InstagramManager */,
				D613742E1D06B8540012CA74 /* FacebookManager */,
				D61374301D06B8540012CA74 /* TwitterManager */,
				D654AF991CFEEC7C0012E938 /* AppDelegate.swift */,
				D654AFA51CFEEC7C0012E938 /* Info.plist */,
				D61577281D0059EC0047207C /* Enum.swift */,
				D654AF9D1CFEEC7C0012E938 /* Main.storyboard */,
				D654AFA01CFEEC7C0012E938 /* Assets.xcassets */,
				D654AFA21CFEEC7C0012E938 /* LaunchScreen.storyboard */,
				D61577201D0038FB0047207C /* PersistentDataManager.swift */,
				D61B2C891D0B4F5500464124 /* SocialSharing-Bridging-Header.h */,
			);
			path = SocialSharing;
			sourceTree = "<group>";
		};
		D67184B71D0D47E00043C85B /* GoogleManager */ = {
			isa = PBXGroup;
			children = (
				D67184B81D0D48030043C85B /* GoogleViewController.swift */,
			);
			path = GoogleManager;
			sourceTree = "<group>";
		};
		D6873E101D093CB300D7CAAA /* InstagramManager */ = {
			isa = PBXGroup;
			children = (
				D62848301D192C9800E31A7B /* TSGInstagramManager.swift */,
				D6873E111D093D3900D7CAAA /* InstagramLogin.swift */,
			);
			path = InstagramManager;
			sourceTree = "<group>";
		};
/* End PBXGroup section */

/* Begin PBXNativeTarget section */
		D654AF951CFEEC7C0012E938 /* SocialSharing */ = {
			isa = PBXNativeTarget;
			buildConfigurationList = D654AFB31CFEEC7C0012E938 /* Build configuration list for PBXNativeTarget "SocialSharing" */;
			buildPhases = (
				C3D8F7B1AEEBC99ABFC9B5FD /* [CP] Check Pods Manifest.lock */,
				D654AF921CFEEC7C0012E938 /* Sources */,
				D654AF931CFEEC7C0012E938 /* Frameworks */,
				D654AF941CFEEC7C0012E938 /* Resources */,
				D6EFE6C01D0194CF006E7CD8 /* ShellScript */,
				D61DED571D0807EC0004B0BB /* Embed Frameworks */,
				0841FFC9F9DC0BA4A9DD7940 /* [CP] Embed Pods Frameworks */,
				450040021E000D292BCF79CF /* [CP] Copy Pods Resources */,
			);
			buildRules = (
			);
			dependencies = (
			);
			name = SocialSharing;
			productName = SocialSharing;
			productReference = D654AF961CFEEC7C0012E938 /* SocialSharing.app */;
			productType = "com.apple.product-type.application";
		};
/* End PBXNativeTarget section */

/* Begin PBXProject section */
		D654AF8E1CFEEC7C0012E938 /* Project object */ = {
			isa = PBXProject;
			attributes = {
				LastSwiftUpdateCheck = 0730;
				LastUpgradeCheck = 0730;
				ORGANIZATIONNAME = kiwitech;
				TargetAttributes = {
					D654AF951CFEEC7C0012E938 = {
						CreatedOnToolsVersion = 7.3.1;
					};
				};
			};
			buildConfigurationList = D654AF911CFEEC7C0012E938 /* Build configuration list for PBXProject "SocialSharing" */;
			compatibilityVersion = "Xcode 3.2";
			developmentRegion = English;
			hasScannedForEncodings = 0;
			knownRegions = (
				en,
				Base,
			);
			mainGroup = D654AF8D1CFEEC7C0012E938;
			productRefGroup = D654AF971CFEEC7C0012E938 /* Products */;
			projectDirPath = "";
			projectRoot = "";
			targets = (
				D654AF951CFEEC7C0012E938 /* SocialSharing */,
			);
		};
/* End PBXProject section */

/* Begin PBXResourcesBuildPhase section */
		D654AF941CFEEC7C0012E938 /* Resources */ = {
			isa = PBXResourcesBuildPhase;
			buildActionMask = 2147483647;
			files = (
				D654AFA41CFEEC7C0012E938 /* LaunchScreen.storyboard in Resources */,
				D654AFA11CFEEC7C0012E938 /* Assets.xcassets in Resources */,
				D654AF9F1CFEEC7C0012E938 /* Main.storyboard in Resources */,
				D66F68161D0CAB13005CF8EB /* GoogleService-Info.plist in Resources */,
			);
			runOnlyForDeploymentPostprocessing = 0;
		};
/* End PBXResourcesBuildPhase section */

/* Begin PBXShellScriptBuildPhase section */
		0841FFC9F9DC0BA4A9DD7940 /* [CP] Embed Pods Frameworks */ = {
			isa = PBXShellScriptBuildPhase;
			buildActionMask = 2147483647;
			files = (
			);
			inputPaths = (
			);
			name = "[CP] Embed Pods Frameworks";
			outputPaths = (
			);
			runOnlyForDeploymentPostprocessing = 0;
			shellPath = /bin/sh;
			shellScript = "\"${SRCROOT}/Pods/Target Support Files/Pods-SocialSharing/Pods-SocialSharing-frameworks.sh\"\n";
			showEnvVarsInLog = 0;
		};
		450040021E000D292BCF79CF /* [CP] Copy Pods Resources */ = {
			isa = PBXShellScriptBuildPhase;
			buildActionMask = 2147483647;
			files = (
			);
			inputPaths = (
			);
			name = "[CP] Copy Pods Resources";
			outputPaths = (
			);
			runOnlyForDeploymentPostprocessing = 0;
			shellPath = /bin/sh;
			shellScript = "\"${SRCROOT}/Pods/Target Support Files/Pods-SocialSharing/Pods-SocialSharing-resources.sh\"\n";
			showEnvVarsInLog = 0;
		};
		C3D8F7B1AEEBC99ABFC9B5FD /* [CP] Check Pods Manifest.lock */ = {
			isa = PBXShellScriptBuildPhase;
			buildActionMask = 2147483647;
			files = (
			);
			inputPaths = (
			);
			name = "[CP] Check Pods Manifest.lock";
			outputPaths = (
			);
			runOnlyForDeploymentPostprocessing = 0;
			shellPath = /bin/sh;
			shellScript = "diff \"${PODS_ROOT}/../Podfile.lock\" \"${PODS_ROOT}/Manifest.lock\" > /dev/null\nif [[ $? != 0 ]] ; then\n    cat << EOM\nerror: The sandbox is not in sync with the Podfile.lock. Run 'pod install' or update your CocoaPods installation.\nEOM\n    exit 1\nfi\n";
			showEnvVarsInLog = 0;
		};
		D6EFE6C01D0194CF006E7CD8 /* ShellScript */ = {
			isa = PBXShellScriptBuildPhase;
			buildActionMask = 2147483647;
			files = (
			);
			inputPaths = (
			);
			outputPaths = (
			);
			runOnlyForDeploymentPostprocessing = 0;
			shellPath = /bin/sh;
			shellScript = "\"${PODS_ROOT}/Fabric/run\" b259afa8fc35beee91cb29bb3f1b0533a6eb5dc0 ff8ee27a54dff4e3c334ac22bf52a714c933ea88271aa6163b34aa3603a21624";
		};
/* End PBXShellScriptBuildPhase section */

/* Begin PBXSourcesBuildPhase section */
		D654AF921CFEEC7C0012E938 /* Sources */ = {
			isa = PBXSourcesBuildPhase;
			buildActionMask = 2147483647;
			files = (
				D616537E1D0AD5F0003C1BAB /* SocialFeatures-Extension(Linkedin).swift in Sources */,
				D67184B91D0D48030043C85B /* GoogleViewController.swift in Sources */,
				D61374331D06B8540012CA74 /* TSGTwitterManager.swift in Sources */,
				D61577211D0038FB0047207C /* PersistentDataManager.swift in Sources */,
				D6873E121D093D3900D7CAAA /* InstagramLogin.swift in Sources */,
				D6195EFC1D09E93000293139 /* SocialFeatures-Extension(Instagram).swift in Sources */,
				D613742C1D06B7F50012CA74 /* SocialFeatures.swift in Sources */,
				D66CAB591D043D230010139B /* TwitterPostsViewController.swift in Sources */,
				D614D2111D0AEBEC001FFD77 /* TSGLinkedinManager.swift in Sources */,
				D613742B1D06B7F50012CA74 /* SocialFeatures-Extension(Twitter).swift in Sources */,
				D62848311D192C9800E31A7B /* TSGInstagramManager.swift in Sources */,
				D67184B61D0D36A90043C85B /* SocialFeatures-Extension(Google).swift in Sources */,
				D613742A1D06B7F50012CA74 /* SocialFeatures-Extension(Facebook).swift in Sources */,
				D61374321D06B8540012CA74 /* TSGFacebookManager.swift in Sources */,
				D613742D1D06B7F50012CA74 /* SocialListViewController.swift in Sources */,
				D61577291D0059EC0047207C /* Enum.swift in Sources */,
				D654AF9A1CFEEC7C0012E938 /* AppDelegate.swift in Sources */,
			);
			runOnlyForDeploymentPostprocessing = 0;
		};
/* End PBXSourcesBuildPhase section */

/* Begin PBXVariantGroup section */
		D654AF9D1CFEEC7C0012E938 /* Main.storyboard */ = {
			isa = PBXVariantGroup;
			children = (
				D654AF9E1CFEEC7C0012E938 /* Base */,
			);
			name = Main.storyboard;
			sourceTree = "<group>";
		};
		D654AFA21CFEEC7C0012E938 /* LaunchScreen.storyboard */ = {
			isa = PBXVariantGroup;
			children = (
				D654AFA31CFEEC7C0012E938 /* Base */,
			);
			name = LaunchScreen.storyboard;
			sourceTree = "<group>";
		};
/* End PBXVariantGroup section */

/* Begin XCBuildConfiguration section */
		D654AFB11CFEEC7C0012E938 /* Debug */ = {
			isa = XCBuildConfiguration;
			buildSettings = {
				ALWAYS_SEARCH_USER_PATHS = NO;
				CLANG_ANALYZER_NONNULL = YES;
				CLANG_CXX_LANGUAGE_STANDARD = "gnu++0x";
				CLANG_CXX_LIBRARY = "libc++";
				CLANG_ENABLE_MODULES = YES;
				CLANG_ENABLE_OBJC_ARC = YES;
				CLANG_WARN_BOOL_CONVERSION = YES;
				CLANG_WARN_CONSTANT_CONVERSION = YES;
				CLANG_WARN_DIRECT_OBJC_ISA_USAGE = YES_ERROR;
				CLANG_WARN_EMPTY_BODY = YES;
				CLANG_WARN_ENUM_CONVERSION = YES;
				CLANG_WARN_INT_CONVERSION = YES;
				CLANG_WARN_OBJC_ROOT_CLASS = YES_ERROR;
				CLANG_WARN_UNREACHABLE_CODE = YES;
				CLANG_WARN__DUPLICATE_METHOD_MATCH = YES;
				CODE_SIGN_IDENTITY = "iPhone Developer: Gurvinder Batra (Q3HXH3MWZ2)";
				"CODE_SIGN_IDENTITY[sdk=iphoneos*]" = "iPhone Developer: Gurvinder Batra (Q3HXH3MWZ2)";
				COPY_PHASE_STRIP = NO;
				DEBUG_INFORMATION_FORMAT = dwarf;
				ENABLE_STRICT_OBJC_MSGSEND = YES;
				ENABLE_TESTABILITY = YES;
				GCC_C_LANGUAGE_STANDARD = gnu99;
				GCC_DYNAMIC_NO_PIC = NO;
				GCC_NO_COMMON_BLOCKS = YES;
				GCC_OPTIMIZATION_LEVEL = 0;
				GCC_PREPROCESSOR_DEFINITIONS = (
					"DEBUG=1",
					"$(inherited)",
				);
				GCC_WARN_64_TO_32_BIT_CONVERSION = YES;
				GCC_WARN_ABOUT_RETURN_TYPE = YES_ERROR;
				GCC_WARN_UNDECLARED_SELECTOR = YES;
				GCC_WARN_UNINITIALIZED_AUTOS = YES_AGGRESSIVE;
				GCC_WARN_UNUSED_FUNCTION = YES;
				GCC_WARN_UNUSED_VARIABLE = YES;
				IPHONEOS_DEPLOYMENT_TARGET = 8.1;
				MTL_ENABLE_DEBUG_INFO = YES;
				ONLY_ACTIVE_ARCH = YES;
				PROVISIONING_PROFILE = "b7f70d78-249f-4c67-b401-7dd5da974f5a";
				SDKROOT = iphoneos;
				SWIFT_OBJC_BRIDGING_HEADER = "SocialSharing/SocialSharing-Bridging-Header.h";
				SWIFT_OPTIMIZATION_LEVEL = "-Onone";
			};
			name = Debug;
		};
		D654AFB21CFEEC7C0012E938 /* Release */ = {
			isa = XCBuildConfiguration;
			buildSettings = {
				ALWAYS_SEARCH_USER_PATHS = NO;
				CLANG_ANALYZER_NONNULL = YES;
				CLANG_CXX_LANGUAGE_STANDARD = "gnu++0x";
				CLANG_CXX_LIBRARY = "libc++";
				CLANG_ENABLE_MODULES = YES;
				CLANG_ENABLE_OBJC_ARC = YES;
				CLANG_WARN_BOOL_CONVERSION = YES;
				CLANG_WARN_CONSTANT_CONVERSION = YES;
				CLANG_WARN_DIRECT_OBJC_ISA_USAGE = YES_ERROR;
				CLANG_WARN_EMPTY_BODY = YES;
				CLANG_WARN_ENUM_CONVERSION = YES;
				CLANG_WARN_INT_CONVERSION = YES;
				CLANG_WARN_OBJC_ROOT_CLASS = YES_ERROR;
				CLANG_WARN_UNREACHABLE_CODE = YES;
				CLANG_WARN__DUPLICATE_METHOD_MATCH = YES;
				CODE_SIGN_IDENTITY = "iPhone Developer: Gurvinder Batra (Q3HXH3MWZ2)";
				"CODE_SIGN_IDENTITY[sdk=iphoneos*]" = "iPhone Developer: Gurvinder Batra (Q3HXH3MWZ2)";
				COPY_PHASE_STRIP = NO;
				DEBUG_INFORMATION_FORMAT = "dwarf-with-dsym";
				ENABLE_NS_ASSERTIONS = NO;
				ENABLE_STRICT_OBJC_MSGSEND = YES;
				GCC_C_LANGUAGE_STANDARD = gnu99;
				GCC_NO_COMMON_BLOCKS = YES;
				GCC_WARN_64_TO_32_BIT_CONVERSION = YES;
				GCC_WARN_ABOUT_RETURN_TYPE = YES_ERROR;
				GCC_WARN_UNDECLARED_SELECTOR = YES;
				GCC_WARN_UNINITIALIZED_AUTOS = YES_AGGRESSIVE;
				GCC_WARN_UNUSED_FUNCTION = YES;
				GCC_WARN_UNUSED_VARIABLE = YES;
				IPHONEOS_DEPLOYMENT_TARGET = 8.1;
				MTL_ENABLE_DEBUG_INFO = NO;
				PROVISIONING_PROFILE = "b7f70d78-249f-4c67-b401-7dd5da974f5a";
				SDKROOT = iphoneos;
				SWIFT_OBJC_BRIDGING_HEADER = "SocialSharing/SocialSharing-Bridging-Header.h";
				VALIDATE_PRODUCT = YES;
			};
			name = Release;
		};
		D654AFB41CFEEC7C0012E938 /* Debug */ = {
			isa = XCBuildConfiguration;
			baseConfigurationReference = 82E728541F7E68C511105E3C /* Pods-SocialSharing.debug.xcconfig */;
			buildSettings = {
				ASSETCATALOG_COMPILER_APPICON_NAME = AppIcon;
				CLANG_ENABLE_MODULES = YES;
				CODE_SIGN_IDENTITY = "iPhone Developer: Gurvinder Batra (Q3HXH3MWZ2)";
				"CODE_SIGN_IDENTITY[sdk=iphoneos*]" = "iPhone Developer: Gurvinder Batra (Q3HXH3MWZ2)";
				DEBUG_INFORMATION_FORMAT = "dwarf-with-dsym";
				ENABLE_BITCODE = YES;
				FRAMEWORK_SEARCH_PATHS = (
					"$(inherited)",
					"$(PROJECT_DIR)",
					"$(PROJECT_DIR)/External",
				);
				INFOPLIST_FILE = SocialSharing/Info.plist;
				IPHONEOS_DEPLOYMENT_TARGET = 8.1;
				LD_RUNPATH_SEARCH_PATHS = "$(inherited) @executable_path/Frameworks";
				PRODUCT_BUNDLE_IDENTIFIER = com.tsg.SocialSharing;
				PRODUCT_NAME = "$(TARGET_NAME)";
				PROVISIONING_PROFILE = "b7f70d78-249f-4c67-b401-7dd5da974f5a";
				SWIFT_OBJC_BRIDGING_HEADER = "SocialSharing/SocialSharing-Bridging-Header.h";
				SWIFT_OPTIMIZATION_LEVEL = "-Onone";
			};
			name = Debug;
		};
		D654AFB51CFEEC7C0012E938 /* Release */ = {
			isa = XCBuildConfiguration;
			baseConfigurationReference = A6D49FE21F94E9DAFDB96305 /* Pods-SocialSharing.release.xcconfig */;
			buildSettings = {
				ASSETCATALOG_COMPILER_APPICON_NAME = AppIcon;
				CLANG_ENABLE_MODULES = YES;
				CODE_SIGN_IDENTITY = "iPhone Developer: Gurvinder Batra (Q3HXH3MWZ2)";
				"CODE_SIGN_IDENTITY[sdk=iphoneos*]" = "iPhone Developer: Gurvinder Batra (Q3HXH3MWZ2)";
				DEBUG_INFORMATION_FORMAT = "dwarf-with-dsym";
				ENABLE_BITCODE = YES;
				FRAMEWORK_SEARCH_PATHS = (
					"$(inherited)",
					"$(PROJECT_DIR)",
					"$(PROJECT_DIR)/External",
				);
				INFOPLIST_FILE = SocialSharing/Info.plist;
				IPHONEOS_DEPLOYMENT_TARGET = 8.1;
				LD_RUNPATH_SEARCH_PATHS = "$(inherited) @executable_path/Frameworks";
				PRODUCT_BUNDLE_IDENTIFIER = com.tsg.SocialSharing;
				PRODUCT_NAME = "$(TARGET_NAME)";
				PROVISIONING_PROFILE = "b7f70d78-249f-4c67-b401-7dd5da974f5a";
				SWIFT_OBJC_BRIDGING_HEADER = "SocialSharing/SocialSharing-Bridging-Header.h";
			};
			name = Release;
		};
/* End XCBuildConfiguration section */

/* Begin XCConfigurationList section */
		D654AF911CFEEC7C0012E938 /* Build configuration list for PBXProject "SocialSharing" */ = {
			isa = XCConfigurationList;
			buildConfigurations = (
				D654AFB11CFEEC7C0012E938 /* Debug */,
				D654AFB21CFEEC7C0012E938 /* Release */,
			);
			defaultConfigurationIsVisible = 0;
			defaultConfigurationName = Release;
		};
		D654AFB31CFEEC7C0012E938 /* Build configuration list for PBXNativeTarget "SocialSharing" */ = {
			isa = XCConfigurationList;
			buildConfigurations = (
				D654AFB41CFEEC7C0012E938 /* Debug */,
				D654AFB51CFEEC7C0012E938 /* Release */,
			);
			defaultConfigurationIsVisible = 0;
			defaultConfigurationName = Release;
		};
/* End XCConfigurationList section */
	};
	rootObject = D654AF8E1CFEEC7C0012E938 /* Project object */;
}
